
Microsoft Visual Studio Solution File, Format Version 12.00
# Visual Studio Version 17
VisualStudioVersion = 17.8.34408.163
MinimumVisualStudioVersion = 10.0.40219.1
Project("{9A19103F-16F7-4668-BE54-9A1E7A4F7556}") = "ConsoleApp1", "ConsoleApp1\ConsoleApp1.csproj", "{EAEEFDDC-23CF-4BE7-B997-85611D1F0751}"
EndProject
Project("{FAE04EC0-301F-11D3-BF4B-00C04F79EFBC}") = "ConsoleApp2", "ConsoleApp2\ConsoleApp2.csproj", "{D322369A-551A-48BD-9D56-261D04101563}"
EndProject
Global
	GlobalSection(SolutionConfigurationPlatforms) = preSolution
		Debug|Any CPU = Debug|Any CPU
		Release|Any CPU = Release|Any CPU
	EndGlobalSection
	GlobalSection(ProjectConfigurationPlatforms) = postSolution
		{EAEEFDDC-23CF-4BE7-B997-85611D1F0751}.Debug|Any CPU.ActiveCfg = Debug|Any CPU
		{EAEEFDDC-23CF-4BE7-B997-85611D1F0751}.Debug|Any CPU.Build.0 = Debug|Any CPU
		{EAEEFDDC-23CF-4BE7-B997-85611D1F0751}.Release|Any CPU.ActiveCfg = Release|Any CPU
		{EAEEFDDC-23CF-4BE7-B997-85611D1F0751}.Release|Any CPU.Build.0 = Release|Any CPU
		{D322369A-551A-48BD-9D56-261D04101563}.Debug|Any CPU.ActiveCfg = Debug|Any CPU
		{D322369A-551A-48BD-9D56-261D04101563}.Debug|Any CPU.Build.0 = Debug|Any CPU
		{D322369A-551A-48BD-9D56-261D04101563}.Release|Any CPU.ActiveCfg = Release|Any CPU
		{D322369A-551A-48BD-9D56-261D04101563}.Release|Any CPU.Build.0 = Release|Any CPU
	EndGlobalSection
	GlobalSection(SolutionProperties) = preSolution
		HideSolutionNode = FALSE
	EndGlobalSection
	GlobalSection(ExtensibilityGlobals) = postSolution
		SolutionGuid = {8C30C502-B4F2-4CC2-9F2A-9E26C34D04D2}
	EndGlobalSection
EndGlobal
